// !$*UTF8*$!
{
	archiveVersion = 1;
	classes = {
	};
	objectVersion = 55;
	objects = {

/* Begin PBXBuildFile section */
		4D81825C293FB1A0004A2D04 /* AppDelegate.swift in Sources */ = {isa = PBXBuildFile; fileRef = 4D81825B293FB1A0004A2D04 /* AppDelegate.swift */; };
		4D81825E293FB1A0004A2D04 /* SceneDelegate.swift in Sources */ = {isa = PBXBuildFile; fileRef = 4D81825D293FB1A0004A2D04 /* SceneDelegate.swift */; };
		4D818265293FB1A0004A2D04 /* Assets.xcassets in Resources */ = {isa = PBXBuildFile; fileRef = 4D818264293FB1A0004A2D04 /* Assets.xcassets */; };
		4D818268293FB1A0004A2D04 /* LaunchScreen.storyboard in Resources */ = {isa = PBXBuildFile; fileRef = 4D818266293FB1A0004A2D04 /* LaunchScreen.storyboard */; };
		4D8182722940B3A5004A2D04 /* ViewControllerKelvin.swift in Sources */ = {isa = PBXBuildFile; fileRef = 4D8182712940B3A5004A2D04 /* ViewControllerKelvin.swift */; };
		4DB5F775297FF70600B5C7EF /* HomeViewController.swift in Sources */ = {isa = PBXBuildFile; fileRef = 4DB5F774297FF70600B5C7EF /* HomeViewController.swift */; };
		4DB5F777297FF71200B5C7EF /* HomeView.swift in Sources */ = {isa = PBXBuildFile; fileRef = 4DB5F776297FF71200B5C7EF /* HomeView.swift */; };
		4DB5F779297FF72B00B5C7EF /* CelsiusVIewController.swift in Sources */ = {isa = PBXBuildFile; fileRef = 4DB5F778297FF72B00B5C7EF /* CelsiusVIewController.swift */; };
		4DB5F77B297FF73F00B5C7EF /* FahrenheitViewController.swift in Sources */ = {isa = PBXBuildFile; fileRef = 4DB5F77A297FF73F00B5C7EF /* FahrenheitViewController.swift */; };
		4DB5F77D297FF75000B5C7EF /* KelvinViewController.swift in Sources */ = {isa = PBXBuildFile; fileRef = 4DB5F77C297FF74F00B5C7EF /* KelvinViewController.swift */; };
		4DB5F780297FF7CA00B5C7EF /* BaseView.swift in Sources */ = {isa = PBXBuildFile; fileRef = 4DB5F77F297FF7CA00B5C7EF /* BaseView.swift */; };
		4DB5F782297FF7F600B5C7EF /* UIView+Extension.swift in Sources */ = {isa = PBXBuildFile; fileRef = 4DB5F781297FF7F600B5C7EF /* UIView+Extension.swift */; };
		4DB5F784297FFCEF00B5C7EF /* CelsiusView.swift in Sources */ = {isa = PBXBuildFile; fileRef = 4DB5F783297FFCEF00B5C7EF /* CelsiusView.swift */; };
		4DB5F786298000E000B5C7EF /* FahrenheitView.swift in Sources */ = {isa = PBXBuildFile; fileRef = 4DB5F785298000E000B5C7EF /* FahrenheitView.swift */; };
		4DB5F788298002E300B5C7EF /* KelvinView.swift in Sources */ = {isa = PBXBuildFile; fileRef = 4DB5F787298002E300B5C7EF /* KelvinView.swift */; };
		4DB5F78B2980079C00B5C7EF /* CelsiusViewModel.swift in Sources */ = {isa = PBXBuildFile; fileRef = 4DB5F78A2980079C00B5C7EF /* CelsiusViewModel.swift */; };
		4DB5F790298040DC00B5C7EF /* FahrenheitViewModel.swift in Sources */ = {isa = PBXBuildFile; fileRef = 4DB5F78F298040DC00B5C7EF /* FahrenheitViewModel.swift */; };
		4DB5F7952980489B00B5C7EF /* KelvinViewModel.swift in Sources */ = {isa = PBXBuildFile; fileRef = 4DB5F7942980489B00B5C7EF /* KelvinViewModel.swift */; };
/* End PBXBuildFile section */

/* Begin PBXFileReference section */
		4D818258293FB1A0004A2D04 /* Conversor temperatura.app */ = {isa = PBXFileReference; explicitFileType = wrapper.application; includeInIndex = 0; path = "Conversor temperatura.app"; sourceTree = BUILT_PRODUCTS_DIR; };
		4D81825B293FB1A0004A2D04 /* AppDelegate.swift */ = {isa = PBXFileReference; lastKnownFileType = sourcecode.swift; path = AppDelegate.swift; sourceTree = "<group>"; };
		4D81825D293FB1A0004A2D04 /* SceneDelegate.swift */ = {isa = PBXFileReference; lastKnownFileType = sourcecode.swift; path = SceneDelegate.swift; sourceTree = "<group>"; };
		4D818264293FB1A0004A2D04 /* Assets.xcassets */ = {isa = PBXFileReference; lastKnownFileType = folder.assetcatalog; path = Assets.xcassets; sourceTree = "<group>"; };
		4D818267293FB1A0004A2D04 /* Base */ = {isa = PBXFileReference; lastKnownFileType = file.storyboard; name = Base; path = Base.lproj/LaunchScreen.storyboard; sourceTree = "<group>"; };
		4D818269293FB1A0004A2D04 /* Info.plist */ = {isa = PBXFileReference; lastKnownFileType = text.plist.xml; path = Info.plist; sourceTree = "<group>"; };
		4D8182712940B3A5004A2D04 /* ViewControllerKelvin.swift */ = {isa = PBXFileReference; lastKnownFileType = sourcecode.swift; path = ViewControllerKelvin.swift; sourceTree = "<group>"; };
		4DB5F774297FF70600B5C7EF /* HomeViewController.swift */ = {isa = PBXFileReference; lastKnownFileType = sourcecode.swift; path = HomeViewController.swift; sourceTree = "<group>"; };
		4DB5F776297FF71200B5C7EF /* HomeView.swift */ = {isa = PBXFileReference; lastKnownFileType = sourcecode.swift; path = HomeView.swift; sourceTree = "<group>"; };
		4DB5F778297FF72B00B5C7EF /* CelsiusVIewController.swift */ = {isa = PBXFileReference; lastKnownFileType = sourcecode.swift; path = CelsiusVIewController.swift; sourceTree = "<group>"; };
		4DB5F77A297FF73F00B5C7EF /* FahrenheitViewController.swift */ = {isa = PBXFileReference; lastKnownFileType = sourcecode.swift; path = FahrenheitViewController.swift; sourceTree = "<group>"; };
		4DB5F77C297FF74F00B5C7EF /* KelvinViewController.swift */ = {isa = PBXFileReference; lastKnownFileType = sourcecode.swift; path = KelvinViewController.swift; sourceTree = "<group>"; };
		4DB5F77F297FF7CA00B5C7EF /* BaseView.swift */ = {isa = PBXFileReference; lastKnownFileType = sourcecode.swift; path = BaseView.swift; sourceTree = "<group>"; };
		4DB5F781297FF7F600B5C7EF /* UIView+Extension.swift */ = {isa = PBXFileReference; lastKnownFileType = sourcecode.swift; path = "UIView+Extension.swift"; sourceTree = "<group>"; };
		4DB5F783297FFCEF00B5C7EF /* CelsiusView.swift */ = {isa = PBXFileReference; lastKnownFileType = sourcecode.swift; path = CelsiusView.swift; sourceTree = "<group>"; };
		4DB5F785298000E000B5C7EF /* FahrenheitView.swift */ = {isa = PBXFileReference; lastKnownFileType = sourcecode.swift; path = FahrenheitView.swift; sourceTree = "<group>"; };
		4DB5F787298002E300B5C7EF /* KelvinView.swift */ = {isa = PBXFileReference; lastKnownFileType = sourcecode.swift; path = KelvinView.swift; sourceTree = "<group>"; };
		4DB5F78A2980079C00B5C7EF /* CelsiusViewModel.swift */ = {isa = PBXFileReference; lastKnownFileType = sourcecode.swift; path = CelsiusViewModel.swift; sourceTree = "<group>"; };
		4DB5F78F298040DC00B5C7EF /* FahrenheitViewModel.swift */ = {isa = PBXFileReference; lastKnownFileType = sourcecode.swift; path = FahrenheitViewModel.swift; sourceTree = "<group>"; };
		4DB5F7942980489B00B5C7EF /* KelvinViewModel.swift */ = {isa = PBXFileReference; lastKnownFileType = sourcecode.swift; path = KelvinViewModel.swift; sourceTree = "<group>"; };
/* End PBXFileReference section */

/* Begin PBXFrameworksBuildPhase section */
		4D818255293FB1A0004A2D04 /* Frameworks */ = {
			isa = PBXFrameworksBuildPhase;
			buildActionMask = 2147483647;
			files = (
			);
			runOnlyForDeploymentPostprocessing = 0;
		};
/* End PBXFrameworksBuildPhase section */

/* Begin PBXGroup section */
		4D81824F293FB1A0004A2D04 = {
			isa = PBXGroup;
			children = (
				4D81825A293FB1A0004A2D04 /* Conversor temperatura */,
				4D818259293FB1A0004A2D04 /* Products */,
			);
			sourceTree = "<group>";
		};
		4D818259293FB1A0004A2D04 /* Products */ = {
			isa = PBXGroup;
			children = (
				4D818258293FB1A0004A2D04 /* Conversor temperatura.app */,
			);
			name = Products;
			sourceTree = "<group>";
		};
		4D81825A293FB1A0004A2D04 /* Conversor temperatura */ = {
			isa = PBXGroup;
			children = (
				4DB5F77E297FF79A00B5C7EF /* Commons */,
				4DB5F7912980476F00B5C7EF /* Delegates */,
				4DB5F7922980478800B5C7EF /* Resources */,
				4DB5F7932980479900B5C7EF /* Storyboard */,
				4DB5F7892980078A00B5C7EF /* ViewModel */,
				4DB5F773297FF66A00B5C7EF /* View */,
				4DB5F772297FF65F00B5C7EF /* Controller */,
				4D81825D293FB1A0004A2D04 /* SceneDelegate.swift */,
				4D8182712940B3A5004A2D04 /* ViewControllerKelvin.swift */,
				4D818269293FB1A0004A2D04 /* Info.plist */,
			);
			path = "Conversor temperatura";
			sourceTree = "<group>";
		};
		4DB5F772297FF65F00B5C7EF /* Controller */ = {
			isa = PBXGroup;
			children = (
				4DB5F774297FF70600B5C7EF /* HomeViewController.swift */,
				4DB5F778297FF72B00B5C7EF /* CelsiusVIewController.swift */,
				4DB5F77A297FF73F00B5C7EF /* FahrenheitViewController.swift */,
				4DB5F77C297FF74F00B5C7EF /* KelvinViewController.swift */,
			);
			path = Controller;
			sourceTree = "<group>";
		};
		4DB5F773297FF66A00B5C7EF /* View */ = {
			isa = PBXGroup;
			children = (
				4DB5F776297FF71200B5C7EF /* HomeView.swift */,
				4DB5F783297FFCEF00B5C7EF /* CelsiusView.swift */,
				4DB5F787298002E300B5C7EF /* KelvinView.swift */,
				4DB5F785298000E000B5C7EF /* FahrenheitView.swift */,
			);
			path = View;
			sourceTree = "<group>";
		};
		4DB5F77E297FF79A00B5C7EF /* Commons */ = {
			isa = PBXGroup;
			children = (
				4DB5F781297FF7F600B5C7EF /* UIView+Extension.swift */,
				4DB5F77F297FF7CA00B5C7EF /* BaseView.swift */,
			);
			path = Commons;
			sourceTree = "<group>";
		};
		4DB5F7892980078A00B5C7EF /* ViewModel */ = {
			isa = PBXGroup;
			children = (
				4DB5F78A2980079C00B5C7EF /* CelsiusViewModel.swift */,
				4DB5F78F298040DC00B5C7EF /* FahrenheitViewModel.swift */,
				4DB5F7942980489B00B5C7EF /* KelvinViewModel.swift */,
			);
			path = ViewModel;
			sourceTree = "<group>";
		};
		4DB5F7912980476F00B5C7EF /* Delegates */ = {
			isa = PBXGroup;
			children = (
				4D81825B293FB1A0004A2D04 /* AppDelegate.swift */,
			);
			path = Delegates;
			sourceTree = "<group>";
		};
		4DB5F7922980478800B5C7EF /* Resources */ = {
			isa = PBXGroup;
			children = (
				4D818264293FB1A0004A2D04 /* Assets.xcassets */,
			);
			path = Resources;
			sourceTree = "<group>";
		};
		4DB5F7932980479900B5C7EF /* Storyboard */ = {
			isa = PBXGroup;
			children = (
				4D818266293FB1A0004A2D04 /* LaunchScreen.storyboard */,
			);
			path = Storyboard;
			sourceTree = "<group>";
		};
/* End PBXGroup section */

/* Begin PBXNativeTarget section */
		4D818257293FB1A0004A2D04 /* Conversor temperatura */ = {
			isa = PBXNativeTarget;
			buildConfigurationList = 4D81826C293FB1A0004A2D04 /* Build configuration list for PBXNativeTarget "Conversor temperatura" */;
			buildPhases = (
				4D818254293FB1A0004A2D04 /* Sources */,
				4D818255293FB1A0004A2D04 /* Frameworks */,
				4D818256293FB1A0004A2D04 /* Resources */,
			);
			buildRules = (
			);
			dependencies = (
			);
			name = "Conversor temperatura";
			productName = "Conversor temperatura";
			productReference = 4D818258293FB1A0004A2D04 /* Conversor temperatura.app */;
			productType = "com.apple.product-type.application";
		};
/* End PBXNativeTarget section */

/* Begin PBXProject section */
		4D818250293FB1A0004A2D04 /* Project object */ = {
			isa = PBXProject;
			attributes = {
				BuildIndependentTargetsInParallel = 1;
				LastSwiftUpdateCheck = 1340;
				LastUpgradeCheck = 1340;
				TargetAttributes = {
					4D818257293FB1A0004A2D04 = {
						CreatedOnToolsVersion = 13.4.1;
					};
				};
			};
			buildConfigurationList = 4D818253293FB1A0004A2D04 /* Build configuration list for PBXProject "Conversor temperatura" */;
			compatibilityVersion = "Xcode 13.0";
			developmentRegion = en;
			hasScannedForEncodings = 0;
			knownRegions = (
				en,
				Base,
			);
			mainGroup = 4D81824F293FB1A0004A2D04;
			productRefGroup = 4D818259293FB1A0004A2D04 /* Products */;
			projectDirPath = "";
			projectRoot = "";
			targets = (
				4D818257293FB1A0004A2D04 /* Conversor temperatura */,
			);
		};
/* End PBXProject section */

/* Begin PBXResourcesBuildPhase section */
		4D818256293FB1A0004A2D04 /* Resources */ = {
			isa = PBXResourcesBuildPhase;
			buildActionMask = 2147483647;
			files = (
				4D818268293FB1A0004A2D04 /* LaunchScreen.storyboard in Resources */,
				4D818265293FB1A0004A2D04 /* Assets.xcassets in Resources */,
			);
			runOnlyForDeploymentPostprocessing = 0;
		};
/* End PBXResourcesBuildPhase section */

/* Begin PBXSourcesBuildPhase section */
		4D818254293FB1A0004A2D04 /* Sources */ = {
			isa = PBXSourcesBuildPhase;
			buildActionMask = 2147483647;
			files = (
				4DB5F777297FF71200B5C7EF /* HomeView.swift in Sources */,
				4D81825C293FB1A0004A2D04 /* AppDelegate.swift in Sources */,
				4DB5F77D297FF75000B5C7EF /* KelvinViewController.swift in Sources */,
				4D8182722940B3A5004A2D04 /* ViewControllerKelvin.swift in Sources */,
				4DB5F78B2980079C00B5C7EF /* CelsiusViewModel.swift in Sources */,
				4DB5F7952980489B00B5C7EF /* KelvinViewModel.swift in Sources */,
				4DB5F784297FFCEF00B5C7EF /* CelsiusView.swift in Sources */,
				4DB5F790298040DC00B5C7EF /* FahrenheitViewModel.swift in Sources */,
				4DB5F782297FF7F600B5C7EF /* UIView+Extension.swift in Sources */,
				4DB5F779297FF72B00B5C7EF /* CelsiusVIewController.swift in Sources */,
				4D81825E293FB1A0004A2D04 /* SceneDelegate.swift in Sources */,
				4DB5F775297FF70600B5C7EF /* HomeViewController.swift in Sources */,
				4DB5F788298002E300B5C7EF /* KelvinView.swift in Sources */,
				4DB5F780297FF7CA00B5C7EF /* BaseView.swift in Sources */,
				4DB5F786298000E000B5C7EF /* FahrenheitView.swift in Sources */,
				4DB5F77B297FF73F00B5C7EF /* FahrenheitViewController.swift in Sources */,
			);
			runOnlyForDeploymentPostprocessing = 0;
		};
/* End PBXSourcesBuildPhase section */

/* Begin PBXVariantGroup section */
		4D818266293FB1A0004A2D04 /* LaunchScreen.storyboard */ = {
			isa = PBXVariantGroup;
			children = (
				4D818267293FB1A0004A2D04 /* Base */,
			);
			name = LaunchScreen.storyboard;
			sourceTree = "<group>";
		};
/* End PBXVariantGroup section */

/* Begin XCBuildConfiguration section */
		4D81826A293FB1A0004A2D04 /* Debug */ = {
			isa = XCBuildConfiguration;
			buildSettings = {
				ALWAYS_SEARCH_USER_PATHS = NO;
				CLANG_ANALYZER_NONNULL = YES;
				CLANG_ANALYZER_NUMBER_OBJECT_CONVERSION = YES_AGGRESSIVE;
				CLANG_CXX_LANGUAGE_STANDARD = "gnu++17";
				CLANG_ENABLE_MODULES = YES;
				CLANG_ENABLE_OBJC_ARC = YES;
				CLANG_ENABLE_OBJC_WEAK = YES;
				CLANG_WARN_BLOCK_CAPTURE_AUTORELEASING = YES;
				CLANG_WARN_BOOL_CONVERSION = YES;
				CLANG_WARN_COMMA = YES;
				CLANG_WARN_CONSTANT_CONVERSION = YES;
				CLANG_WARN_DEPRECATED_OBJC_IMPLEMENTATIONS = YES;
				CLANG_WARN_DIRECT_OBJC_ISA_USAGE = YES_ERROR;
				CLANG_WARN_DOCUMENTATION_COMMENTS = YES;
				CLANG_WARN_EMPTY_BODY = YES;
				CLANG_WARN_ENUM_CONVERSION = YES;
				CLANG_WARN_INFINITE_RECURSION = YES;
				CLANG_WARN_INT_CONVERSION = YES;
				CLANG_WARN_NON_LITERAL_NULL_CONVERSION = YES;
				CLANG_WARN_OBJC_IMPLICIT_RETAIN_SELF = YES;
				CLANG_WARN_OBJC_LITERAL_CONVERSION = YES;
				CLANG_WARN_OBJC_ROOT_CLASS = YES_ERROR;
				CLANG_WARN_QUOTED_INCLUDE_IN_FRAMEWORK_HEADER = YES;
				CLANG_WARN_RANGE_LOOP_ANALYSIS = YES;
				CLANG_WARN_STRICT_PROTOTYPES = YES;
				CLANG_WARN_SUSPICIOUS_MOVE = YES;
				CLANG_WARN_UNGUARDED_AVAILABILITY = YES_AGGRESSIVE;
				CLANG_WARN_UNREACHABLE_CODE = YES;
				CLANG_WARN__DUPLICATE_METHOD_MATCH = YES;
				COPY_PHASE_STRIP = NO;
				DEBUG_INFORMATION_FORMAT = dwarf;
				ENABLE_STRICT_OBJC_MSGSEND = YES;
				ENABLE_TESTABILITY = YES;
				GCC_C_LANGUAGE_STANDARD = gnu11;
				GCC_DYNAMIC_NO_PIC = NO;
				GCC_NO_COMMON_BLOCKS = YES;
				GCC_OPTIMIZATION_LEVEL = 0;
				GCC_PREPROCESSOR_DEFINITIONS = (
					"DEBUG=1",
					"$(inherited)",
				);
				GCC_WARN_64_TO_32_BIT_CONVERSION = YES;
				GCC_WARN_ABOUT_RETURN_TYPE = YES_ERROR;
				GCC_WARN_UNDECLARED_SELECTOR = YES;
				GCC_WARN_UNINITIALIZED_AUTOS = YES_AGGRESSIVE;
				GCC_WARN_UNUSED_FUNCTION = YES;
				GCC_WARN_UNUSED_VARIABLE = YES;
				IPHONEOS_DEPLOYMENT_TARGET = 15.5;
				MTL_ENABLE_DEBUG_INFO = INCLUDE_SOURCE;
				MTL_FAST_MATH = YES;
				ONLY_ACTIVE_ARCH = YES;
				SDKROOT = iphoneos;
				SWIFT_ACTIVE_COMPILATION_CONDITIONS = DEBUG;
				SWIFT_OPTIMIZATION_LEVEL = "-Onone";
			};
			name = Debug;
		};
		4D81826B293FB1A0004A2D04 /* Release */ = {
			isa = XCBuildConfiguration;
			buildSettings = {
				ALWAYS_SEARCH_USER_PATHS = NO;
				CLANG_ANALYZER_NONNULL = YES;
				CLANG_ANALYZER_NUMBER_OBJECT_CONVERSION = YES_AGGRESSIVE;
				CLANG_CXX_LANGUAGE_STANDARD = "gnu++17";
				CLANG_ENABLE_MODULES = YES;
				CLANG_ENABLE_OBJC_ARC = YES;
				CLANG_ENABLE_OBJC_WEAK = YES;
				CLANG_WARN_BLOCK_CAPTURE_AUTORELEASING = YES;
				CLANG_WARN_BOOL_CONVERSION = YES;
				CLANG_WARN_COMMA = YES;
				CLANG_WARN_CONSTANT_CONVERSION = YES;
				CLANG_WARN_DEPRECATED_OBJC_IMPLEMENTATIONS = YES;
				CLANG_WARN_DIRECT_OBJC_ISA_USAGE = YES_ERROR;
				CLANG_WARN_DOCUMENTATION_COMMENTS = YES;
				CLANG_WARN_EMPTY_BODY = YES;
				CLANG_WARN_ENUM_CONVERSION = YES;
				CLANG_WARN_INFINITE_RECURSION = YES;
				CLANG_WARN_INT_CONVERSION = YES;
				CLANG_WARN_NON_LITERAL_NULL_CONVERSION = YES;
				CLANG_WARN_OBJC_IMPLICIT_RETAIN_SELF = YES;
				CLANG_WARN_OBJC_LITERAL_CONVERSION = YES;
				CLANG_WARN_OBJC_ROOT_CLASS = YES_ERROR;
				CLANG_WARN_QUOTED_INCLUDE_IN_FRAMEWORK_HEADER = YES;
				CLANG_WARN_RANGE_LOOP_ANALYSIS = YES;
				CLANG_WARN_STRICT_PROTOTYPES = YES;
				CLANG_WARN_SUSPICIOUS_MOVE = YES;
				CLANG_WARN_UNGUARDED_AVAILABILITY = YES_AGGRESSIVE;
				CLANG_WARN_UNREACHABLE_CODE = YES;
				CLANG_WARN__DUPLICATE_METHOD_MATCH = YES;
				COPY_PHASE_STRIP = NO;
				DEBUG_INFORMATION_FORMAT = "dwarf-with-dsym";
				ENABLE_NS_ASSERTIONS = NO;
				ENABLE_STRICT_OBJC_MSGSEND = YES;
				GCC_C_LANGUAGE_STANDARD = gnu11;
				GCC_NO_COMMON_BLOCKS = YES;
				GCC_WARN_64_TO_32_BIT_CONVERSION = YES;
				GCC_WARN_ABOUT_RETURN_TYPE = YES_ERROR;
				GCC_WARN_UNDECLARED_SELECTOR = YES;
				GCC_WARN_UNINITIALIZED_AUTOS = YES_AGGRESSIVE;
				GCC_WARN_UNUSED_FUNCTION = YES;
				GCC_WARN_UNUSED_VARIABLE = YES;
				IPHONEOS_DEPLOYMENT_TARGET = 15.5;
				MTL_ENABLE_DEBUG_INFO = NO;
				MTL_FAST_MATH = YES;
				SDKROOT = iphoneos;
				SWIFT_COMPILATION_MODE = wholemodule;
				SWIFT_OPTIMIZATION_LEVEL = "-O";
				VALIDATE_PRODUCT = YES;
			};
			name = Release;
		};
		4D81826D293FB1A0004A2D04 /* Debug */ = {
			isa = XCBuildConfiguration;
			buildSettings = {
				ASSETCATALOG_COMPILER_APPICON_NAME = AppIcon;
				ASSETCATALOG_COMPILER_GLOBAL_ACCENT_COLOR_NAME = AccentColor;
				CODE_SIGN_STYLE = Automatic;
				CURRENT_PROJECT_VERSION = 1;
				GENERATE_INFOPLIST_FILE = YES;
				INFOPLIST_FILE = "Conversor temperatura/Info.plist";
				INFOPLIST_KEY_UIApplicationSupportsIndirectInputEvents = YES;
				INFOPLIST_KEY_UILaunchStoryboardName = LaunchScreen;
				INFOPLIST_KEY_UISupportedInterfaceOrientations_iPad = "UIInterfaceOrientationPortrait UIInterfaceOrientationPortraitUpsideDown UIInterfaceOrientationLandscapeLeft UIInterfaceOrientationLandscapeRight";
				INFOPLIST_KEY_UISupportedInterfaceOrientations_iPhone = "UIInterfaceOrientationPortrait UIInterfaceOrientationLandscapeLeft UIInterfaceOrientationLandscapeRight";
				LD_RUNPATH_SEARCH_PATHS = (
					"$(inherited)",
					"@executable_path/Frameworks",
				);
				MARKETING_VERSION = 1.0;
				PRODUCT_BUNDLE_IDENTIFIER = "com.Conversor-temperatura";
				PRODUCT_NAME = "$(TARGET_NAME)";
				SWIFT_EMIT_LOC_STRINGS = YES;
				SWIFT_VERSION = 5.0;
				TARGETED_DEVICE_FAMILY = "1,2";
			};
			name = Debug;
		};
		4D81826E293FB1A0004A2D04 /* Release */ = {
			isa = XCBuildConfiguration;
			buildSettings = {
				ASSETCATALOG_COMPILER_APPICON_NAME = AppIcon;
				ASSETCATALOG_COMPILER_GLOBAL_ACCENT_COLOR_NAME = AccentColor;
				CODE_SIGN_STYLE = Automatic;
				CURRENT_PROJECT_VERSION = 1;
				GENERATE_INFOPLIST_FILE = YES;
				INFOPLIST_FILE = "Conversor temperatura/Info.plist";
				INFOPLIST_KEY_UIApplicationSupportsIndirectInputEvents = YES;
				INFOPLIST_KEY_UILaunchStoryboardName = LaunchScreen;
				INFOPLIST_KEY_UISupportedInterfaceOrientations_iPad = "UIInterfaceOrientationPortrait UIInterfaceOrientationPortraitUpsideDown UIInterfaceOrientationLandscapeLeft UIInterfaceOrientationLandscapeRight";
				INFOPLIST_KEY_UISupportedInterfaceOrientations_iPhone = "UIInterfaceOrientationPortrait UIInterfaceOrientationLandscapeLeft UIInterfaceOrientationLandscapeRight";
				LD_RUNPATH_SEARCH_PATHS = (
					"$(inherited)",
					"@executable_path/Frameworks",
				);
				MARKETING_VERSION = 1.0;
				PRODUCT_BUNDLE_IDENTIFIER = "com.Conversor-temperatura";
				PRODUCT_NAME = "$(TARGET_NAME)";
				SWIFT_EMIT_LOC_STRINGS = YES;
				SWIFT_VERSION = 5.0;
				TARGETED_DEVICE_FAMILY = "1,2";
			};
			name = Release;
		};
/* End XCBuildConfiguration section */

/* Begin XCConfigurationList section */
		4D818253293FB1A0004A2D04 /* Build configuration list for PBXProject "Conversor temperatura" */ = {
			isa = XCConfigurationList;
			buildConfigurations = (
				4D81826A293FB1A0004A2D04 /* Debug */,
				4D81826B293FB1A0004A2D04 /* Release */,
			);
			defaultConfigurationIsVisible = 0;
			defaultConfigurationName = Release;
		};
		4D81826C293FB1A0004A2D04 /* Build configuration list for PBXNativeTarget "Conversor temperatura" */ = {
			isa = XCConfigurationList;
			buildConfigurations = (
				4D81826D293FB1A0004A2D04 /* Debug */,
				4D81826E293FB1A0004A2D04 /* Release */,
			);
			defaultConfigurationIsVisible = 0;
			defaultConfigurationName = Release;
		};
/* End XCConfigurationList section */
	};
	rootObject = 4D818250293FB1A0004A2D04 /* Project object */;
}
